
Microsoft Visual Studio Solution File, Format Version 12.00
Project("{FAE04EC0-301F-11D3-BF4B-00C04F79EFBC}") = "TestApp", "TestApp\TestApp.csproj", "{6056B875-42FF-4D1D-90D5-1C4E961C1CB9}"
EndProject
Global
	GlobalSection(SolutionConfigurationPlatforms) = preSolution
		Debug|Any CPU = Debug|Any CPU
		Release|Any CPU = Release|Any CPU
	EndGlobalSection
	GlobalSection(ProjectConfigurationPlatforms) = postSolution
		{6056B875-42FF-4D1D-90D5-1C4E961C1CB9}.Debug|Any CPU.ActiveCfg = Debug|Any CPU
		{6056B875-42FF-4D1D-90D5-1C4E961C1CB9}.Debug|Any CPU.Build.0 = Debug|Any CPU
		{6056B875-42FF-4D1D-90D5-1C4E961C1CB9}.Release|Any CPU.ActiveCfg = Release|Any CPU
		{6056B875-42FF-4D1D-90D5-1C4E961C1CB9}.Release|Any CPU.Build.0 = Release|Any CPU
	EndGlobalSection
EndGlobal
